{
  "nodes": {
    "advisory-db": {
      "flake": false,
      "locked": {
        "lastModified": 1761631338,
        "narHash": "sha256-F6dlUrDiShwhMfPR+WoVmaQguGdEwjW9SI4nKlkay7c=",
        "owner": "rustsec",
        "repo": "advisory-db",
        "rev": "2e45336771e36acf5bcefe7c99280ab214719707",
        "type": "github"
      },
      "original": {
        "owner": "rustsec",
        "repo": "advisory-db",
        "type": "github"
      }
    },
    "cachix": {
      "inputs": {
        "devenv": [
          "devenv"
        ],
        "flake-compat": [
          "devenv",
          "flake-compat"
        ],
        "git-hooks": [
          "devenv",
          "git-hooks"
        ],
        "nixpkgs": [
          "devenv",
          "nixpkgs"
        ]
      },
      "locked": {
        "lastModified": 1760971495,
        "narHash": "sha256-IwnNtbNVrlZIHh7h4Wz6VP0Furxg9Hh0ycighvL5cZc=",
        "owner": "cachix",
        "repo": "cachix",
        "rev": "c5bfd933d1033672f51a863c47303fc0e093c2d2",
        "type": "github"
      },
      "original": {
        "owner": "cachix",
        "ref": "latest",
        "repo": "cachix",
        "type": "github"
      }
    },
    "clan-core": {
      "inputs": {
        "data-mesher": "data-mesher",
        "disko": "disko",
        "flake-parts": [
          "flake-parts"
        ],
        "nix-darwin": "nix-darwin",
        "nix-select": "nix-select",
        "nixos-facter-modules": "nixos-facter-modules",
        "nixpkgs": [
          "nixpkgs"
        ],
        "sops-nix": "sops-nix",
        "systems": "systems",
        "treefmt-nix": "treefmt-nix"
      },
      "locked": {
        "lastModified": 1761108500,
        "narHash": "sha256-hM6HlM1jYGkBaD12BWId7QItWn4KvD5l5xZk5GGR+7c=",
        "ref": "lo-vars-recall-prompts",
        "rev": "dc415735a105d705639d9c3d7776ea864f975f0a",
        "shallow": true,
        "type": "git",
        "url": "https://git.clan.lol/lopter/clan-core"
      },
      "original": {
        "ref": "lo-vars-recall-prompts",
        "shallow": true,
        "type": "git",
        "url": "https://git.clan.lol/lopter/clan-core"
      }
    },
    "crane": {
      "locked": {
        "lastModified": 1760924934,
        "narHash": "sha256-tuuqY5aU7cUkR71sO2TraVKK2boYrdW3gCSXUkF4i44=",
        "owner": "ipetkov",
        "repo": "crane",
        "rev": "c6b4d5308293d0d04fcfeee92705017537cad02f",
        "type": "github"
      },
      "original": {
        "owner": "ipetkov",
        "repo": "crane",
        "type": "github"
      }
    },
    "data-mesher": {
      "inputs": {
        "flake-parts": [
          "clan-core",
          "flake-parts"
        ],
        "nixpkgs": [
          "clan-core",
          "nixpkgs"
        ],
        "treefmt-nix": [
          "clan-core",
          "treefmt-nix"
        ]
      },
      "locked": {
        "lastModified": 1760612273,
        "narHash": "sha256-pP/bSqUHubxAOTI7IHD5ZBQ2Qm11Nb4pXXTPv334UEM=",
        "rev": "0099739c78be750b215cbdefafc9ba1533609393",
        "type": "tarball",
        "url": "https://git.clan.lol/api/v1/repos/clan/data-mesher/archive/0099739c78be750b215cbdefafc9ba1533609393.tar.gz"
      },
      "original": {
        "type": "tarball",
        "url": "https://git.clan.lol/clan/data-mesher/archive/main.tar.gz"
      }
    },
    "devenv": {
      "inputs": {
        "cachix": "cachix",
        "flake-compat": "flake-compat",
        "flake-parts": "flake-parts",
        "git-hooks": "git-hooks",
        "nix": "nix",
        "nixpkgs": [
          "nixpkgs"
        ]
      },
      "locked": {
        "lastModified": 1761686631,
        "narHash": "sha256-OzyQkqtH4kenusXEquQvTHnAr/6lGVS2DqErIPlzCUs=",
        "owner": "cachix",
        "repo": "devenv",
        "rev": "b59500b629c08829825d4f4eca68169ea3a8821f",
        "type": "github"
      },
      "original": {
        "owner": "cachix",
        "repo": "devenv",
        "type": "github"
      }
    },
    "disko": {
      "inputs": {
        "nixpkgs": [
          "clan-core",
          "nixpkgs"
        ]
      },
      "locked": {
        "lastModified": 1760701190,
        "narHash": "sha256-y7UhnWlER8r776JsySqsbTUh2Txf7K30smfHlqdaIQw=",
        "owner": "nix-community",
        "repo": "disko",
        "rev": "3a9450b26e69dcb6f8de6e2b07b3fc1c288d85f5",
        "type": "github"
      },
      "original": {
        "owner": "nix-community",
        "repo": "disko",
        "type": "github"
      }
    },
    "fenix": {
      "inputs": {
        "nixpkgs": [
          "nixpkgs"
        ],
        "rust-analyzer-src": []
      },
      "locked": {
        "lastModified": 1761633962,
        "narHash": "sha256-QTA706q3zDi9yN7bwsOnj2cQj8FVi9x147A/2lR495U=",
        "owner": "nix-community",
        "repo": "fenix",
        "rev": "abecdc70faee6ef5abf8b250795042a0cbe7070f",
        "type": "github"
      },
      "original": {
        "owner": "nix-community",
        "ref": "main",
        "repo": "fenix",
        "type": "github"
      }
    },
    "flake-compat": {
      "flake": false,
      "locked": {
        "lastModified": 1761588595,
        "narHash": "sha256-XKUZz9zewJNUj46b4AJdiRZJAvSZ0Dqj2BNfXvFlJC4=",
        "owner": "edolstra",
        "repo": "flake-compat",
        "rev": "f387cd2afec9419c8ee37694406ca490c3f34ee5",
        "type": "github"
      },
      "original": {
        "owner": "edolstra",
        "repo": "flake-compat",
        "type": "github"
      }
    },
    "flake-parts": {
      "inputs": {
        "nixpkgs-lib": [
          "devenv",
          "nixpkgs"
        ]
      },
      "locked": {
        "lastModified": 1760948891,
        "narHash": "sha256-TmWcdiUUaWk8J4lpjzu4gCGxWY6/Ok7mOK4fIFfBuU4=",
        "owner": "hercules-ci",
        "repo": "flake-parts",
        "rev": "864599284fc7c0ba6357ed89ed5e2cd5040f0c04",
        "type": "github"
      },
      "original": {
        "owner": "hercules-ci",
        "repo": "flake-parts",
        "type": "github"
      }
    },
    "flake-parts_2": {
      "inputs": {
        "nixpkgs-lib": [
          "nixpkgs"
        ]
      },
      "locked": {
        "lastModified": 1760948891,
        "narHash": "sha256-TmWcdiUUaWk8J4lpjzu4gCGxWY6/Ok7mOK4fIFfBuU4=",
        "owner": "hercules-ci",
        "repo": "flake-parts",
        "rev": "864599284fc7c0ba6357ed89ed5e2cd5040f0c04",
        "type": "github"
      },
      "original": {
        "owner": "hercules-ci",
        "repo": "flake-parts",
        "type": "github"
      }
    },
    "git-hooks": {
      "inputs": {
        "flake-compat": [
          "devenv",
          "flake-compat"
        ],
        "gitignore": "gitignore",
        "nixpkgs": [
          "devenv",
          "nixpkgs"
        ]
      },
      "locked": {
        "lastModified": 1760663237,
        "narHash": "sha256-BflA6U4AM1bzuRMR8QqzPXqh8sWVCNDzOdsxXEguJIc=",
        "owner": "cachix",
        "repo": "git-hooks.nix",
        "rev": "ca5b894d3e3e151ffc1db040b6ce4dcc75d31c37",
        "type": "github"
      },
      "original": {
        "owner": "cachix",
        "repo": "git-hooks.nix",
        "type": "github"
      }
    },
    "gitignore": {
      "inputs": {
        "nixpkgs": [
          "devenv",
          "git-hooks",
          "nixpkgs"
        ]
      },
      "locked": {
        "lastModified": 1709087332,
        "narHash": "sha256-HG2cCnktfHsKV0s4XW83gU3F57gaTljL9KNSuG6bnQs=",
        "owner": "hercules-ci",
        "repo": "gitignore.nix",
        "rev": "637db329424fd7e46cf4185293b9cc8c88c95394",
        "type": "github"
      },
      "original": {
        "owner": "hercules-ci",
        "repo": "gitignore.nix",
        "type": "github"
      }
    },
    "mk-shell-bin": {
      "locked": {
        "lastModified": 1677004959,
        "narHash": "sha256-/uEkr1UkJrh11vD02aqufCxtbF5YnhRTIKlx5kyvf+I=",
        "owner": "rrbutani",
        "repo": "nix-mk-shell-bin",
        "rev": "ff5d8bd4d68a347be5042e2f16caee391cd75887",
        "type": "github"
      },
      "original": {
        "owner": "rrbutani",
        "repo": "nix-mk-shell-bin",
        "type": "github"
      }
    },
    "nix": {
      "inputs": {
        "flake-compat": [
          "devenv",
          "flake-compat"
        ],
        "flake-parts": [
          "devenv",
          "flake-parts"
        ],
        "git-hooks-nix": [
          "devenv",
          "git-hooks"
        ],
        "nixpkgs": [
          "devenv",
          "nixpkgs"
        ],
        "nixpkgs-23-11": [
          "devenv"
        ],
        "nixpkgs-regression": [
          "devenv"
        ]
      },
      "locked": {
        "lastModified": 1761648602,
        "narHash": "sha256-H97KSB/luq/aGobKRuHahOvT1r7C03BgB6D5HBZsbN8=",
        "owner": "cachix",
        "repo": "nix",
        "rev": "3e5644da6830ef65f0a2f7ec22830c46285bfff6",
        "type": "github"
      },
      "original": {
        "owner": "cachix",
        "ref": "devenv-2.30.6",
        "repo": "nix",
        "type": "github"
      }
    },
    "nix-darwin": {
      "inputs": {
        "nixpkgs": [
          "clan-core",
          "nixpkgs"
        ]
      },
      "locked": {
        "lastModified": 1760721282,
        "narHash": "sha256-aAHphQbU9t/b2RRy2Eb8oMv+I08isXv2KUGFAFn7nCo=",
        "owner": "nix-darwin",
        "repo": "nix-darwin",
        "rev": "c3211fcd0c56c11ff110d346d4487b18f7365168",
        "type": "github"
      },
      "original": {
        "owner": "nix-darwin",
        "repo": "nix-darwin",
        "type": "github"
      }
    },
    "nix-select": {
      "locked": {
        "lastModified": 1755887746,
        "narHash": "sha256-lzWbpHKX0WAn/jJDoCijIDss3rqYIPawe46GDaE6U3g=",
        "rev": "92c2574c5e113281591be01e89bb9ddb31d19156",
        "type": "tarball",
        "url": "https://git.clan.lol/api/v1/repos/clan/nix-select/archive/92c2574c5e113281591be01e89bb9ddb31d19156.tar.gz"
      },
      "original": {
        "type": "tarball",
        "url": "https://git.clan.lol/clan/nix-select/archive/main.tar.gz"
      }
    },
    "nix2container": {
      "inputs": {
        "nixpkgs": [
          "nixpkgs"
        ]
      },
      "locked": {
        "lastModified": 1752002763,
        "narHash": "sha256-JYAkdZvpdSx9GUoHPArctYMypSONob4DYKRkOubUWtY=",
        "owner": "nlewo",
        "repo": "nix2container",
        "rev": "4f2437f6a1844b843b380d483087ae6d461240ee",
        "type": "github"
      },
      "original": {
        "owner": "nlewo",
        "repo": "nix2container",
        "type": "github"
      }
    },
    "nixos-facter-modules": {
      "locked": {
        "lastModified": 1756491981,
        "narHash": "sha256-lXyDAWPw/UngVtQfgQ8/nrubs2r+waGEYIba5UX62+k=",
        "owner": "nix-community",
        "repo": "nixos-facter-modules",
        "rev": "c1b29520945d3e148cd96618c8a0d1f850965d8c",
        "type": "github"
      },
      "original": {
        "owner": "nix-community",
        "repo": "nixos-facter-modules",
        "type": "github"
      }
    },
    "nixpkgs": {
      "locked": {
        "lastModified": 1761676401,
        "narHash": "sha256-nnWfseGMxJHwetu1Q6DnyrafVV0+ib17D3YIt2tnjQU=",
        "ref": "nixos-unstable-lo-patches",
        "rev": "e95d33527fdd29734278216de4266b46e015c461",
        "shallow": true,
        "type": "git",
        "url": "https://github.com/lopter/nixpkgs"
      },
      "original": {
        "ref": "nixos-unstable-lo-patches",
        "shallow": true,
        "type": "git",
        "url": "https://github.com/lopter/nixpkgs"
      }
    },
    "nixpkgs-unfree": {
      "inputs": {
        "nixpkgs": [
          "nixpkgs"
        ]
      },
      "locked": {
        "lastModified": 1755249704,
        "narHash": "sha256-J1mqsd/gqZ32G3YOzWk9sppLbXXLEpu37hrZfRcTtdg=",
        "owner": "numtide",
        "repo": "nixpkgs-unfree",
        "rev": "12d82a604d21a65df008bdb1515eecb96f9e55dc",
        "type": "github"
      },
      "original": {
        "owner": "numtide",
        "repo": "nixpkgs-unfree",
        "type": "github"
      }
    },
    "root": {
      "inputs": {
        "advisory-db": "advisory-db",
        "clan-core": "clan-core",
        "crane": "crane",
        "devenv": "devenv",
        "fenix": "fenix",
        "flake-parts": "flake-parts_2",
        "mk-shell-bin": "mk-shell-bin",
        "nix2container": "nix2container",
        "nixpkgs": "nixpkgs",
        "nixpkgs-unfree": "nixpkgs-unfree",
        "rust-manifest": "rust-manifest",
        "rust-manifest-nightly": "rust-manifest-nightly",
        "treefmt-nix": "treefmt-nix_2"
      }
    },
    "rust-manifest": {
      "flake": false,
      "locked": {
        "narHash": "sha256-MnExpHCcKv4vc2gwfNF7RAv6WPf11ingHvlw5o08wyE=",
        "type": "file",
        "url": "https://static.rust-lang.org/dist/2025-04-03/channel-rust-stable.toml"
      },
      "original": {
        "type": "file",
        "url": "https://static.rust-lang.org/dist/2025-04-03/channel-rust-stable.toml"
      }
    },
    "rust-manifest-nightly": {
      "flake": false,
      "locked": {
        "narHash": "sha256-nouyq0qEJEmOl0G0QtRdGa+XwIhJrc95rPU4xXHASRQ=",
        "type": "file",
        "url": "https://static.rust-lang.org/dist/2025-04-28/channel-rust-nightly.toml"
      },
      "original": {
        "type": "file",
        "url": "https://static.rust-lang.org/dist/2025-04-28/channel-rust-nightly.toml"
      }
    },
    "sops-nix": {
      "inputs": {
        "nixpkgs": [
          "clan-core",
          "nixpkgs"
        ]
      },
      "locked": {
        "lastModified": 1760845571,
        "narHash": "sha256-PwGzU3EOU65Ef1VvuNnVLie+l+P0g/fzf/PGUG82KbM=",
        "owner": "Mic92",
        "repo": "sops-nix",
        "rev": "9c9a9798be331ed3f4b2902933d7677d0659ee61",
        "type": "github"
      },
      "original": {
        "owner": "Mic92",
        "repo": "sops-nix",
        "type": "github"
      }
    },
    "systems": {
      "locked": {
        "lastModified": 1681028828,
        "narHash": "sha256-Vy1rq5AaRuLzOxct8nz4T6wlgyUR7zLU309k9mBC768=",
        "owner": "nix-systems",
        "repo": "default",
        "rev": "da67096a3b9bf56a91d16901293e51ba5b49a27e",
        "type": "github"
      },
      "original": {
        "owner": "nix-systems",
        "repo": "default",
        "type": "github"
      }
    },
    "treefmt-nix": {
      "inputs": {
        "nixpkgs": [
          "clan-core",
          "nixpkgs"
        ]
      },
      "locked": {
        "lastModified": 1760889407,
        "narHash": "sha256-ppIp04fmz+BaTpJs1nIOmPADg02asfQFrFbhb3SmxsE=",
        "owner": "numtide",
        "repo": "treefmt-nix",
        "rev": "3f258dead9fed51f53862366d3a6bc1b622ee7cb",
        "type": "github"
      },
      "original": {
        "owner": "numtide",
        "repo": "treefmt-nix",
        "type": "github"
      }
    },
    "treefmt-nix_2": {
      "inputs": {
        "nixpkgs": [
          "nixpkgs"
        ]
      },
      "locked": {
        "lastModified": 1761311587,
        "narHash": "sha256-Msq86cR5SjozQGCnC6H8C+0cD4rnx91BPltZ9KK613Y=",
        "owner": "numtide",
        "repo": "treefmt-nix",
        "rev": "2eddae033e4e74bf581c2d1dfa101f9033dbd2dc",
        "type": "github"
      },
      "original": {
        "owner": "numtide",
        "repo": "treefmt-nix",
        "type": "github"
      }
    }
  },
  "root": "root",
  "version": 7
}
